
Microsoft Visual Studio Solution File, Format Version 12.00
# Visual Studio Version 17
VisualStudioVersion = 17.9.34723.18
MinimumVisualStudioVersion = 10.0.40219.1
Project("{FAE04EC0-301F-11D3-BF4B-00C04F79EFBC}") = "ItemTypes", "ItemTypes\ItemTypes.csproj", "{EFB3233E-5147-4DD7-9384-EBE2EBBCD8A7}"
EndProject
Global
	GlobalSection(SolutionConfigurationPlatforms) = preSolution
		Debug|Any CPU = Debug|Any CPU
		Release|Any CPU = Release|Any CPU
	EndGlobalSection
	GlobalSection(ProjectConfigurationPlatforms) = postSolution
		{EFB3233E-5147-4DD7-9384-EBE2EBBCD8A7}.Debug|Any CPU.ActiveCfg = Debug|Any CPU
		{EFB3233E-5147-4DD7-9384-EBE2EBBCD8A7}.Debug|Any CPU.Build.0 = Debug|Any CPU
		{EFB3233E-5147-4DD7-9384-EBE2EBBCD8A7}.Release|Any CPU.ActiveCfg = Release|Any CPU
		{EFB3233E-5147-4DD7-9384-EBE2EBBCD8A7}.Release|Any CPU.Build.0 = Release|Any CPU
	EndGlobalSection
	GlobalSection(SolutionProperties) = preSolution
		HideSolutionNode = FALSE
	EndGlobalSection
	GlobalSection(ExtensibilityGlobals) = postSolution
		SolutionGuid = {CAAD1561-0777-4106-869F-77E973DD3EFB}
	EndGlobalSection
EndGlobal
